
Microsoft Visual Studio Solution File, Format Version 12.00
# Visual Studio Version 16
VisualStudioVersion = 16.0.31025.194
MinimumVisualStudioVersion = 10.0.40219.1
Project("{FAE04EC0-301F-11D3-BF4B-00C04F79EFBC}") = "MovieRepository- ClassLibrary", "MovieRepository- ClassLibrary.csproj", "{FE47DF6D-F4F1-4524-B9E7-D1580786875D}"
EndProject
Global
	GlobalSection(SolutionConfigurationPlatforms) = preSolution
		Debug|Any CPU = Debug|Any CPU
		Release|Any CPU = Release|Any CPU
	EndGlobalSection
	GlobalSection(ProjectConfigurationPlatforms) = postSolution
		{FE47DF6D-F4F1-4524-B9E7-D1580786875D}.Debug|Any CPU.ActiveCfg = Debug|Any CPU
		{FE47DF6D-F4F1-4524-B9E7-D1580786875D}.Debug|Any CPU.Build.0 = Debug|Any CPU
		{FE47DF6D-F4F1-4524-B9E7-D1580786875D}.Release|Any CPU.ActiveCfg = Release|Any CPU
		{FE47DF6D-F4F1-4524-B9E7-D1580786875D}.Release|Any CPU.Build.0 = Release|Any CPU
	EndGlobalSection
	GlobalSection(SolutionProperties) = preSolution
		HideSolutionNode = FALSE
	EndGlobalSection
	GlobalSection(ExtensibilityGlobals) = postSolution
		SolutionGuid = {455919EF-9A03-4B34-8AE8-CE1174B163D4}
	EndGlobalSection
EndGlobal
